{
  "name": "fourier-drawer",
  "version": "1.0.0",
  "lockfileVersion": 3,
  "requires": true,
  "packages": {
    "": {
      "name": "fourier-drawer",
      "version": "1.0.0",
      "license": "MIT",
      "devDependencies": {
        "@types/p5": "^1.7.6",
        "p5": "^1.9.3"
      }
    },
    "node_modules/@types/p5": {
      "version": "1.7.6",
      "resolved": "https://registry.npmjs.org/@types/p5/-/p5-1.7.6.tgz",
      "integrity": "sha512-6pLTOo0V3N5jZb5nTwjiv3lPHLK3Z/TjbhQUj8CTWXocUk1Z/f6OHTp3Pcwi1BhWnf5gqKUcyEb1gP0KIJuQgw==",
      "dev": true
    },
    "node_modules/p5": {
      "version": "1.9.3",
      "resolved": "https://registry.npmjs.org/p5/-/p5-1.9.3.tgz",
      "integrity": "sha512-RnLMqejKJ9ZmBlUpCnVLYF1UnV/NnC13MfOSZdvJXTRH1eQkBQkUVCw5rkyRWE6chI4t5KvIJsZZnFzmGJEgag==",
      "dev": true
    }
  }
}
